// !$*UTF8*$!
{
	archiveVersion = 1;
	classes = {
	};
	objectVersion = 77;
	objects = {

/* Begin PBXBuildFile section */
		701505DC2EB75DFB006919EB /* WidgetKit.framework in Frameworks */ = {isa = PBXBuildFile; fileRef = 701505DB2EB75DFB006919EB /* WidgetKit.framework */; };
		701505DE2EB75DFB006919EB /* SwiftUI.framework in Frameworks */ = {isa = PBXBuildFile; fileRef = 701505DD2EB75DFB006919EB /* SwiftUI.framework */; };
		701505EF2EB75DFC006919EB /* ShoplyWidgetExtensionExtension.appex in Embed Foundation Extensions */ = {isa = PBXBuildFile; fileRef = 701505D92EB75DFB006919EB /* ShoplyWidgetExtensionExtension.appex */; settings = {ATTRIBUTES = (RemoveHeadersOnCopy, ); }; };
		7063D40D2EC38DC300A3C5F3 /* ShoplyWatchApp Watch App.app in Embed Watch Content */ = {isa = PBXBuildFile; fileRef = 7063D3ED2EC38DC100A3C5F3 /* ShoplyWatchApp Watch App.app */; settings = {ATTRIBUTES = (RemoveHeadersOnCopy, ); }; };
		706884D32EC3AE55002BFC0C /* XCTest.framework in Frameworks */ = {isa = PBXBuildFile; fileRef = 706884C82EC3A87D002BFC0C /* XCTest.framework */; settings = {ATTRIBUTES = (Required, ); }; };
/* End PBXBuildFile section */

/* Begin PBXContainerItemProxy section */
		701505ED2EB75DFC006919EB /* PBXContainerItemProxy */ = {
			isa = PBXContainerItemProxy;
			containerPortal = 704CA02E2EB6662F0038DF51 /* Project object */;
			proxyType = 1;
			remoteGlobalIDString = 701505D82EB75DFB006919EB;
			remoteInfo = ShoplyWidgetExtensionExtension;
		};
		704CA0442EB666300038DF51 /* PBXContainerItemProxy */ = {
			isa = PBXContainerItemProxy;
			containerPortal = 704CA02E2EB6662F0038DF51 /* Project object */;
			proxyType = 1;
			remoteGlobalIDString = 704CA0352EB6662F0038DF51;
			remoteInfo = Shoply;
		};
		704CA04E2EB666300038DF51 /* PBXContainerItemProxy */ = {
			isa = PBXContainerItemProxy;
			containerPortal = 704CA02E2EB6662F0038DF51 /* Project object */;
			proxyType = 1;
			remoteGlobalIDString = 704CA0352EB6662F0038DF51;
			remoteInfo = Shoply;
		};
		7063D3FA2EC38DC300A3C5F3 /* PBXContainerItemProxy */ = {
			isa = PBXContainerItemProxy;
			containerPortal = 704CA02E2EB6662F0038DF51 /* Project object */;
			proxyType = 1;
			remoteGlobalIDString = 7063D3EC2EC38DC100A3C5F3;
			remoteInfo = "ShoplyWatchApp Watch App";
		};
		7063D4042EC38DC300A3C5F3 /* PBXContainerItemProxy */ = {
			isa = PBXContainerItemProxy;
			containerPortal = 704CA02E2EB6662F0038DF51 /* Project object */;
			proxyType = 1;
			remoteGlobalIDString = 7063D3EC2EC38DC100A3C5F3;
			remoteInfo = "ShoplyWatchApp Watch App";
		};
		7063D40B2EC38DC300A3C5F3 /* PBXContainerItemProxy */ = {
			isa = PBXContainerItemProxy;
			containerPortal = 704CA02E2EB6662F0038DF51 /* Project object */;
			proxyType = 1;
			remoteGlobalIDString = 7063D3EC2EC38DC100A3C5F3;
			remoteInfo = "ShoplyWatchApp Watch App";
		};
/* End PBXContainerItemProxy section */

/* Begin PBXCopyFilesBuildPhase section */
		701505F42EB75DFC006919EB /* Embed Foundation Extensions */ = {
			isa = PBXCopyFilesBuildPhase;
			buildActionMask = 2147483647;
			dstPath = "";
			dstSubfolderSpec = 13;
			files = (
				701505EF2EB75DFC006919EB /* ShoplyWidgetExtensionExtension.appex in Embed Foundation Extensions */,
			);
			name = "Embed Foundation Extensions";
			runOnlyForDeploymentPostprocessing = 0;
		};
		7063D40E2EC38DC300A3C5F3 /* Embed Watch Content */ = {
			isa = PBXCopyFilesBuildPhase;
			buildActionMask = 2147483647;
			dstPath = "$(CONTENTS_FOLDER_PATH)/Watch";
			dstSubfolderSpec = 16;
			files = (
				7063D40D2EC38DC300A3C5F3 /* ShoplyWatchApp Watch App.app in Embed Watch Content */,
			);
			name = "Embed Watch Content";
			runOnlyForDeploymentPostprocessing = 0;
		};
/* End PBXCopyFilesBuildPhase section */

/* Begin PBXFileReference section */
		701505D92EB75DFB006919EB /* ShoplyWidgetExtensionExtension.appex */ = {isa = PBXFileReference; explicitFileType = "wrapper.app-extension"; includeInIndex = 0; path = ShoplyWidgetExtensionExtension.appex; sourceTree = BUILT_PRODUCTS_DIR; };
		701505DB2EB75DFB006919EB /* WidgetKit.framework */ = {isa = PBXFileReference; lastKnownFileType = wrapper.framework; name = WidgetKit.framework; path = System/Library/Frameworks/WidgetKit.framework; sourceTree = SDKROOT; };
		701505DD2EB75DFB006919EB /* SwiftUI.framework */ = {isa = PBXFileReference; lastKnownFileType = wrapper.framework; name = SwiftUI.framework; path = System/Library/Frameworks/SwiftUI.framework; sourceTree = SDKROOT; };
		704CA0362EB6662F0038DF51 /* Shoply.app */ = {isa = PBXFileReference; explicitFileType = wrapper.application; includeInIndex = 0; path = Shoply.app; sourceTree = BUILT_PRODUCTS_DIR; };
		704CA0432EB666300038DF51 /* ShoplyTests.xctest */ = {isa = PBXFileReference; explicitFileType = wrapper.cfbundle; includeInIndex = 0; path = ShoplyTests.xctest; sourceTree = BUILT_PRODUCTS_DIR; };
		704CA04D2EB666300038DF51 /* ShoplyUITests.xctest */ = {isa = PBXFileReference; explicitFileType = wrapper.cfbundle; includeInIndex = 0; path = ShoplyUITests.xctest; sourceTree = BUILT_PRODUCTS_DIR; };
		7063D3ED2EC38DC100A3C5F3 /* ShoplyWatchApp Watch App.app */ = {isa = PBXFileReference; explicitFileType = wrapper.application; includeInIndex = 0; path = "ShoplyWatchApp Watch App.app"; sourceTree = BUILT_PRODUCTS_DIR; };
		7063D3F92EC38DC300A3C5F3 /* ShoplyWatchApp Watch AppTests.xctest */ = {isa = PBXFileReference; explicitFileType = wrapper.cfbundle; includeInIndex = 0; path = "ShoplyWatchApp Watch AppTests.xctest"; sourceTree = BUILT_PRODUCTS_DIR; };
		7063D4032EC38DC300A3C5F3 /* ShoplyWatchApp Watch AppUITests.xctest */ = {isa = PBXFileReference; explicitFileType = wrapper.cfbundle; includeInIndex = 0; path = "ShoplyWatchApp Watch AppUITests.xctest"; sourceTree = BUILT_PRODUCTS_DIR; };
		706884C62EC3A85E002BFC0C /* XCTest.framework */ = {isa = PBXFileReference; lastKnownFileType = wrapper.framework; name = XCTest.framework; path = Platforms/iPhoneOS.platform/Developer/Library/Frameworks/XCTest.framework; sourceTree = DEVELOPER_DIR; };
		706884C82EC3A87D002BFC0C /* XCTest.framework */ = {isa = PBXFileReference; lastKnownFileType = wrapper.framework; name = XCTest.framework; path = Platforms/WatchOS.platform/Developer/Library/Frameworks/XCTest.framework; sourceTree = DEVELOPER_DIR; };
/* End PBXFileReference section */

/* Begin PBXFileSystemSynchronizedBuildFileExceptionSet section */
		7004CFBA2EB66BD100A33177 /* Exceptions for "ShoplyTests" folder in "ShoplyTests" target */ = {
			isa = PBXFileSystemSynchronizedBuildFileExceptionSet;
			membershipExceptions = (
				ShoplyTests.swift,
			);
			target = 704CA0422EB666300038DF51 /* ShoplyTests */;
		};
		701505F32EB75DFC006919EB /* Exceptions for "ShoplyWidgetExtension" folder in "ShoplyWidgetExtensionExtension" target */ = {
			isa = PBXFileSystemSynchronizedBuildFileExceptionSet;
			membershipExceptions = (
				Info.plist,
			);
			target = 701505D82EB75DFB006919EB /* ShoplyWidgetExtensionExtension */;
		};
		701505FC2EB75EE9006919EB /* Exceptions for "Shoply" folder in "ShoplyWidgetExtensionExtension" target */ = {
			isa = PBXFileSystemSynchronizedBuildFileExceptionSet;
			membershipExceptions = (
				Core/Data/AppSettingsManager.swift,
				Core/Data/DataManager.swift,
				Models/Outfit.swift,
				Models/UserProfile.swift,
				Models/WardrobeItem.swift,
				Utils/Localization.swift,
			);
			target = 701505D82EB75DFB006919EB /* ShoplyWidgetExtensionExtension */;
		};
		704CA06E2EB6668A0038DF51 /* Exceptions for "Shoply" folder in "Shoply" target */ = {
			isa = PBXFileSystemSynchronizedBuildFileExceptionSet;
			membershipExceptions = (
				Shoply_appUITests/Shoply_appUITests.swift,
				Shoply_appUITests/ShoplyTests.swift,
			);
			target = 704CA0352EB6662F0038DF51 /* Shoply */;
		};
		704CA06F2EB6668A0038DF51 /* Exceptions for "Shoply" folder in "ShoplyUITests" target */ = {
			isa = PBXFileSystemSynchronizedBuildFileExceptionSet;
			membershipExceptions = (
				Shoply_appUITests/Shoply_appUITests.swift,
			);
			target = 704CA04C2EB666300038DF51 /* ShoplyUITests */;
		};
/* End PBXFileSystemSynchronizedBuildFileExceptionSet section */

/* Begin PBXFileSystemSynchronizedRootGroup section */
		701505DF2EB75DFB006919EB /* ShoplyWidgetExtension */ = {
			isa = PBXFileSystemSynchronizedRootGroup;
			exceptions = (
				701505F32EB75DFC006919EB /* Exceptions for "ShoplyWidgetExtension" folder in "ShoplyWidgetExtensionExtension" target */,
			);
			path = ShoplyWidgetExtension;
			sourceTree = "<group>";
		};
		704CA0382EB6662F0038DF51 /* Shoply */ = {
			isa = PBXFileSystemSynchronizedRootGroup;
			exceptions = (
				704CA06E2EB6668A0038DF51 /* Exceptions for "Shoply" folder in "Shoply" target */,
				704CA06F2EB6668A0038DF51 /* Exceptions for "Shoply" folder in "ShoplyUITests" target */,
				701505FC2EB75EE9006919EB /* Exceptions for "Shoply" folder in "ShoplyWidgetExtensionExtension" target */,
			);
			path = Shoply;
			sourceTree = "<group>";
		};
		704CA0462EB666300038DF51 /* ShoplyTests */ = {
			isa = PBXFileSystemSynchronizedRootGroup;
			exceptions = (
				7004CFBA2EB66BD100A33177 /* Exceptions for "ShoplyTests" folder in "ShoplyTests" target */,
			);
			path = ShoplyTests;
			sourceTree = "<group>";
		};
		7063D3EE2EC38DC100A3C5F3 /* ShoplyWatchApp Watch App */ = {
			isa = PBXFileSystemSynchronizedRootGroup;
			path = "ShoplyWatchApp Watch App";
			sourceTree = "<group>";
		};
		7063D3FC2EC38DC300A3C5F3 /* ShoplyWatchApp Watch AppTests */ = {
			isa = PBXFileSystemSynchronizedRootGroup;
			path = "ShoplyWatchApp Watch AppTests";
			sourceTree = "<group>";
		};
		7063D4062EC38DC300A3C5F3 /* ShoplyWatchApp Watch AppUITests */ = {
			isa = PBXFileSystemSynchronizedRootGroup;
			path = "ShoplyWatchApp Watch AppUITests";
			sourceTree = "<group>";
		};
/* End PBXFileSystemSynchronizedRootGroup section */

/* Begin PBXFrameworksBuildPhase section */
		701505D62EB75DFB006919EB /* Frameworks */ = {
			isa = PBXFrameworksBuildPhase;
			buildActionMask = 2147483647;
			files = (
				701505DE2EB75DFB006919EB /* SwiftUI.framework in Frameworks */,
				701505DC2EB75DFB006919EB /* WidgetKit.framework in Frameworks */,
			);
			runOnlyForDeploymentPostprocessing = 0;
		};
		704CA0332EB6662F0038DF51 /* Frameworks */ = {
			isa = PBXFrameworksBuildPhase;
			buildActionMask = 2147483647;
			files = (
			);
			runOnlyForDeploymentPostprocessing = 0;
		};
		704CA0402EB666300038DF51 /* Frameworks */ = {
			isa = PBXFrameworksBuildPhase;
			buildActionMask = 2147483647;
			files = (
			);
			runOnlyForDeploymentPostprocessing = 0;
		};
		704CA04A2EB666300038DF51 /* Frameworks */ = {
			isa = PBXFrameworksBuildPhase;
			buildActionMask = 2147483647;
			files = (
			);
			runOnlyForDeploymentPostprocessing = 0;
		};
		7063D3EA2EC38DC100A3C5F3 /* Frameworks */ = {
			isa = PBXFrameworksBuildPhase;
			buildActionMask = 2147483647;
			files = (
			);
			runOnlyForDeploymentPostprocessing = 0;
		};
		7063D3F62EC38DC300A3C5F3 /* Frameworks */ = {
			isa = PBXFrameworksBuildPhase;
			buildActionMask = 2147483647;
			files = (
			);
			runOnlyForDeploymentPostprocessing = 0;
		};
		7063D4002EC38DC300A3C5F3 /* Frameworks */ = {
			isa = PBXFrameworksBuildPhase;
			buildActionMask = 2147483647;
			files = (
				706884D32EC3AE55002BFC0C /* XCTest.framework in Frameworks */,
			);
			runOnlyForDeploymentPostprocessing = 0;
		};
/* End PBXFrameworksBuildPhase section */

/* Begin PBXGroup section */
		701505DA2EB75DFB006919EB /* Frameworks */ = {
			isa = PBXGroup;
			children = (
				706884C62EC3A85E002BFC0C /* XCTest.framework */,
				706884C82EC3A87D002BFC0C /* XCTest.framework */,
				701505DB2EB75DFB006919EB /* WidgetKit.framework */,
				701505DD2EB75DFB006919EB /* SwiftUI.framework */,
			);
			name = Frameworks;
			sourceTree = "<group>";
		};
		704CA02D2EB6662F0038DF51 = {
			isa = PBXGroup;
			children = (
				704CA0382EB6662F0038DF51 /* Shoply */,
				704CA0462EB666300038DF51 /* ShoplyTests */,
				701505DF2EB75DFB006919EB /* ShoplyWidgetExtension */,
				7063D3EE2EC38DC100A3C5F3 /* ShoplyWatchApp Watch App */,
				7063D3FC2EC38DC300A3C5F3 /* ShoplyWatchApp Watch AppTests */,
				7063D4062EC38DC300A3C5F3 /* ShoplyWatchApp Watch AppUITests */,
				701505DA2EB75DFB006919EB /* Frameworks */,
				704CA0372EB6662F0038DF51 /* Products */,
			);
			sourceTree = "<group>";
		};
		704CA0372EB6662F0038DF51 /* Products */ = {
			isa = PBXGroup;
			children = (
				704CA0362EB6662F0038DF51 /* Shoply.app */,
				704CA0432EB666300038DF51 /* ShoplyTests.xctest */,
				704CA04D2EB666300038DF51 /* ShoplyUITests.xctest */,
				701505D92EB75DFB006919EB /* ShoplyWidgetExtensionExtension.appex */,
				7063D3ED2EC38DC100A3C5F3 /* ShoplyWatchApp Watch App.app */,
				7063D3F92EC38DC300A3C5F3 /* ShoplyWatchApp Watch AppTests.xctest */,
				7063D4032EC38DC300A3C5F3 /* ShoplyWatchApp Watch AppUITests.xctest */,
			);
			name = Products;
			sourceTree = "<group>";
		};
/* End PBXGroup section */

/* Begin PBXNativeTarget section */
		701505D82EB75DFB006919EB /* ShoplyWidgetExtensionExtension */ = {
			isa = PBXNativeTarget;
			buildConfigurationList = 701505F02EB75DFC006919EB /* Build configuration list for PBXNativeTarget "ShoplyWidgetExtensionExtension" */;
			buildPhases = (
				701505D52EB75DFB006919EB /* Sources */,
				701505D62EB75DFB006919EB /* Frameworks */,
				701505D72EB75DFB006919EB /* Resources */,
			);
			buildRules = (
			);
			dependencies = (
			);
			fileSystemSynchronizedGroups = (
				701505DF2EB75DFB006919EB /* ShoplyWidgetExtension */,
			);
			name = ShoplyWidgetExtensionExtension;
			packageProductDependencies = (
			);
			productName = ShoplyWidgetExtensionExtension;
			productReference = 701505D92EB75DFB006919EB /* ShoplyWidgetExtensionExtension.appex */;
			productType = "com.apple.product-type.app-extension";
		};
		704CA0352EB6662F0038DF51 /* Shoply */ = {
			isa = PBXNativeTarget;
			buildConfigurationList = 704CA0572EB666300038DF51 /* Build configuration list for PBXNativeTarget "Shoply" */;
			buildPhases = (
				704CA0322EB6662F0038DF51 /* Sources */,
				704CA0332EB6662F0038DF51 /* Frameworks */,
				704CA0342EB6662F0038DF51 /* Resources */,
				701505F42EB75DFC006919EB /* Embed Foundation Extensions */,
				7063D40E2EC38DC300A3C5F3 /* Embed Watch Content */,
			);
			buildRules = (
			);
			dependencies = (
				701505EE2EB75DFC006919EB /* PBXTargetDependency */,
				7063D40C2EC38DC300A3C5F3 /* PBXTargetDependency */,
			);
			fileSystemSynchronizedGroups = (
				704CA0382EB6662F0038DF51 /* Shoply */,
			);
			name = Shoply;
			packageProductDependencies = (
			);
			productName = Shoply;
			productReference = 704CA0362EB6662F0038DF51 /* Shoply.app */;
			productType = "com.apple.product-type.application";
		};
		704CA0422EB666300038DF51 /* ShoplyTests */ = {
			isa = PBXNativeTarget;
			buildConfigurationList = 704CA05A2EB666300038DF51 /* Build configuration list for PBXNativeTarget "ShoplyTests" */;
			buildPhases = (
				704CA03F2EB666300038DF51 /* Sources */,
				704CA0402EB666300038DF51 /* Frameworks */,
				704CA0412EB666300038DF51 /* Resources */,
			);
			buildRules = (
			);
			dependencies = (
				704CA0452EB666300038DF51 /* PBXTargetDependency */,
			);
			fileSystemSynchronizedGroups = (
				704CA0462EB666300038DF51 /* ShoplyTests */,
			);
			name = ShoplyTests;
			packageProductDependencies = (
			);
			productName = ShoplyTests;
			productReference = 704CA0432EB666300038DF51 /* ShoplyTests.xctest */;
			productType = "com.apple.product-type.bundle.unit-test";
		};
		704CA04C2EB666300038DF51 /* ShoplyUITests */ = {
			isa = PBXNativeTarget;
			buildConfigurationList = 704CA05D2EB666300038DF51 /* Build configuration list for PBXNativeTarget "ShoplyUITests" */;
			buildPhases = (
				704CA0492EB666300038DF51 /* Sources */,
				704CA04A2EB666300038DF51 /* Frameworks */,
				704CA04B2EB666300038DF51 /* Resources */,
			);
			buildRules = (
			);
			dependencies = (
				704CA04F2EB666300038DF51 /* PBXTargetDependency */,
			);
			name = ShoplyUITests;
			packageProductDependencies = (
			);
			productName = ShoplyUITests;
			productReference = 704CA04D2EB666300038DF51 /* ShoplyUITests.xctest */;
			productType = "com.apple.product-type.bundle.ui-testing";
		};
		7063D3EC2EC38DC100A3C5F3 /* ShoplyWatchApp Watch App */ = {
			isa = PBXNativeTarget;
			buildConfigurationList = 7063D4152EC38DC300A3C5F3 /* Build configuration list for PBXNativeTarget "ShoplyWatchApp Watch App" */;
			buildPhases = (
				7063D3E92EC38DC100A3C5F3 /* Sources */,
				7063D3EA2EC38DC100A3C5F3 /* Frameworks */,
				7063D3EB2EC38DC100A3C5F3 /* Resources */,
			);
			buildRules = (
			);
			dependencies = (
			);
			fileSystemSynchronizedGroups = (
				7063D3EE2EC38DC100A3C5F3 /* ShoplyWatchApp Watch App */,
				7063D3FC2EC38DC300A3C5F3 /* ShoplyWatchApp Watch AppTests */,
				7063D4062EC38DC300A3C5F3 /* ShoplyWatchApp Watch AppUITests */,
			);
			name = "ShoplyWatchApp Watch App";
			packageProductDependencies = (
			);
			productName = "ShoplyWatchApp Watch App";
			productReference = 7063D3ED2EC38DC100A3C5F3 /* ShoplyWatchApp Watch App.app */;
			productType = "com.apple.product-type.application";
		};
		7063D3F82EC38DC300A3C5F3 /* ShoplyWatchApp Watch AppTests */ = {
			isa = PBXNativeTarget;
			buildConfigurationList = 7063D4162EC38DC300A3C5F3 /* Build configuration list for PBXNativeTarget "ShoplyWatchApp Watch AppTests" */;
			buildPhases = (
				7063D3F52EC38DC300A3C5F3 /* Sources */,
				7063D3F62EC38DC300A3C5F3 /* Frameworks */,
				7063D3F72EC38DC300A3C5F3 /* Resources */,
			);
			buildRules = (
			);
			dependencies = (
				7063D3FB2EC38DC300A3C5F3 /* PBXTargetDependency */,
			);
			fileSystemSynchronizedGroups = (
				7063D3FC2EC38DC300A3C5F3 /* ShoplyWatchApp Watch AppTests */,
			);
			name = "ShoplyWatchApp Watch AppTests";
			packageProductDependencies = (
			);
			productName = "ShoplyWatchApp Watch AppTests";
			productReference = 7063D3F92EC38DC300A3C5F3 /* ShoplyWatchApp Watch AppTests.xctest */;
			productType = "com.apple.product-type.bundle.unit-test";
		};
		7063D4022EC38DC300A3C5F3 /* ShoplyWatchApp Watch AppUITests */ = {
			isa = PBXNativeTarget;
			buildConfigurationList = 7063D4172EC38DC300A3C5F3 /* Build configuration list for PBXNativeTarget "ShoplyWatchApp Watch AppUITests" */;
			buildPhases = (
				7063D3FF2EC38DC300A3C5F3 /* Sources */,
				7063D4002EC38DC300A3C5F3 /* Frameworks */,
				7063D4012EC38DC300A3C5F3 /* Resources */,
			);
			buildRules = (
			);
			dependencies = (
				7063D4052EC38DC300A3C5F3 /* PBXTargetDependency */,
			);
			fileSystemSynchronizedGroups = (
				7063D4062EC38DC300A3C5F3 /* ShoplyWatchApp Watch AppUITests */,
			);
			name = "ShoplyWatchApp Watch AppUITests";
			packageProductDependencies = (
			);
			productName = "ShoplyWatchApp Watch AppUITests";
			productReference = 7063D4032EC38DC300A3C5F3 /* ShoplyWatchApp Watch AppUITests.xctest */;
			productType = "com.apple.product-type.bundle.ui-testing";
		};
/* End PBXNativeTarget section */

/* Begin PBXProject section */
		704CA02E2EB6662F0038DF51 /* Project object */ = {
			isa = PBXProject;
			attributes = {
				BuildIndependentTargetsInParallel = 1;
				LastSwiftUpdateCheck = 2610;
				LastUpgradeCheck = 2600;
				TargetAttributes = {
					701505D82EB75DFB006919EB = {
						CreatedOnToolsVersion = 26.0.1;
					};
					704CA0352EB6662F0038DF51 = {
						CreatedOnToolsVersion = 26.0.1;
					};
					704CA0422EB666300038DF51 = {
						CreatedOnToolsVersion = 26.0.1;
						TestTargetID = 704CA0352EB6662F0038DF51;
					};
					704CA04C2EB666300038DF51 = {
						CreatedOnToolsVersion = 26.0.1;
						TestTargetID = 704CA0352EB6662F0038DF51;
					};
					7063D3EC2EC38DC100A3C5F3 = {
						CreatedOnToolsVersion = 26.1;
					};
					7063D3F82EC38DC300A3C5F3 = {
						CreatedOnToolsVersion = 26.1;
						TestTargetID = 7063D3EC2EC38DC100A3C5F3;
					};
					7063D4022EC38DC300A3C5F3 = {
						CreatedOnToolsVersion = 26.1;
						TestTargetID = 7063D3EC2EC38DC100A3C5F3;
					};
				};
			};
			buildConfigurationList = 704CA0312EB6662F0038DF51 /* Build configuration list for PBXProject "Shoply" */;
			developmentRegion = en;
			hasScannedForEncodings = 0;
			knownRegions = (
				en,
				Base,
			);
			mainGroup = 704CA02D2EB6662F0038DF51;
			minimizedProjectReferenceProxies = 1;
			preferredProjectObjectVersion = 77;
			productRefGroup = 704CA0372EB6662F0038DF51 /* Products */;
			projectDirPath = "";
			projectRoot = "";
			targets = (
				704CA0352EB6662F0038DF51 /* Shoply */,
				704CA0422EB666300038DF51 /* ShoplyTests */,
				704CA04C2EB666300038DF51 /* ShoplyUITests */,
				701505D82EB75DFB006919EB /* ShoplyWidgetExtensionExtension */,
				7063D3EC2EC38DC100A3C5F3 /* ShoplyWatchApp Watch App */,
				7063D3F82EC38DC300A3C5F3 /* ShoplyWatchApp Watch AppTests */,
				7063D4022EC38DC300A3C5F3 /* ShoplyWatchApp Watch AppUITests */,
			);
		};
/* End PBXProject section */

/* Begin PBXResourcesBuildPhase section */
		701505D72EB75DFB006919EB /* Resources */ = {
			isa = PBXResourcesBuildPhase;
			buildActionMask = 2147483647;
			files = (
			);
			runOnlyForDeploymentPostprocessing = 0;
		};
		704CA0342EB6662F0038DF51 /* Resources */ = {
			isa = PBXResourcesBuildPhase;
			buildActionMask = 2147483647;
			files = (
			);
			runOnlyForDeploymentPostprocessing = 0;
		};
		704CA0412EB666300038DF51 /* Resources */ = {
			isa = PBXResourcesBuildPhase;
			buildActionMask = 2147483647;
			files = (
			);
			runOnlyForDeploymentPostprocessing = 0;
		};
		704CA04B2EB666300038DF51 /* Resources */ = {
			isa = PBXResourcesBuildPhase;
			buildActionMask = 2147483647;
			files = (
			);
			runOnlyForDeploymentPostprocessing = 0;
		};
		7063D3EB2EC38DC100A3C5F3 /* Resources */ = {
			isa = PBXResourcesBuildPhase;
			buildActionMask = 2147483647;
			files = (
			);
			runOnlyForDeploymentPostprocessing = 0;
		};
		7063D3F72EC38DC300A3C5F3 /* Resources */ = {
			isa = PBXResourcesBuildPhase;
			buildActionMask = 2147483647;
			files = (
			);
			runOnlyForDeploymentPostprocessing = 0;
		};
		7063D4012EC38DC300A3C5F3 /* Resources */ = {
			isa = PBXResourcesBuildPhase;
			buildActionMask = 2147483647;
			files = (
			);
			runOnlyForDeploymentPostprocessing = 0;
		};
/* End PBXResourcesBuildPhase section */

/* Begin PBXSourcesBuildPhase section */
		701505D52EB75DFB006919EB /* Sources */ = {
			isa = PBXSourcesBuildPhase;
			buildActionMask = 2147483647;
			files = (
			);
			runOnlyForDeploymentPostprocessing = 0;
		};
		704CA0322EB6662F0038DF51 /* Sources */ = {
			isa = PBXSourcesBuildPhase;
			buildActionMask = 2147483647;
			files = (
			);
			runOnlyForDeploymentPostprocessing = 0;
		};
		704CA03F2EB666300038DF51 /* Sources */ = {
			isa = PBXSourcesBuildPhase;
			buildActionMask = 2147483647;
			files = (
			);
			runOnlyForDeploymentPostprocessing = 0;
		};
		704CA0492EB666300038DF51 /* Sources */ = {
			isa = PBXSourcesBuildPhase;
			buildActionMask = 2147483647;
			files = (
			);
			runOnlyForDeploymentPostprocessing = 0;
		};
		7063D3E92EC38DC100A3C5F3 /* Sources */ = {
			isa = PBXSourcesBuildPhase;
			buildActionMask = 2147483647;
			files = (
			);
			runOnlyForDeploymentPostprocessing = 0;
		};
		7063D3F52EC38DC300A3C5F3 /* Sources */ = {
			isa = PBXSourcesBuildPhase;
			buildActionMask = 2147483647;
			files = (
			);
			runOnlyForDeploymentPostprocessing = 0;
		};
		7063D3FF2EC38DC300A3C5F3 /* Sources */ = {
			isa = PBXSourcesBuildPhase;
			buildActionMask = 2147483647;
			files = (
			);
			runOnlyForDeploymentPostprocessing = 0;
		};
/* End PBXSourcesBuildPhase section */

/* Begin PBXTargetDependency section */
		701505EE2EB75DFC006919EB /* PBXTargetDependency */ = {
			isa = PBXTargetDependency;
			target = 701505D82EB75DFB006919EB /* ShoplyWidgetExtensionExtension */;
			targetProxy = 701505ED2EB75DFC006919EB /* PBXContainerItemProxy */;
		};
		704CA0452EB666300038DF51 /* PBXTargetDependency */ = {
			isa = PBXTargetDependency;
			target = 704CA0352EB6662F0038DF51 /* Shoply */;
			targetProxy = 704CA0442EB666300038DF51 /* PBXContainerItemProxy */;
		};
		704CA04F2EB666300038DF51 /* PBXTargetDependency */ = {
			isa = PBXTargetDependency;
			target = 704CA0352EB6662F0038DF51 /* Shoply */;
			targetProxy = 704CA04E2EB666300038DF51 /* PBXContainerItemProxy */;
		};
		7063D3FB2EC38DC300A3C5F3 /* PBXTargetDependency */ = {
			isa = PBXTargetDependency;
			target = 7063D3EC2EC38DC100A3C5F3 /* ShoplyWatchApp Watch App */;
			targetProxy = 7063D3FA2EC38DC300A3C5F3 /* PBXContainerItemProxy */;
		};
		7063D4052EC38DC300A3C5F3 /* PBXTargetDependency */ = {
			isa = PBXTargetDependency;
			target = 7063D3EC2EC38DC100A3C5F3 /* ShoplyWatchApp Watch App */;
			targetProxy = 7063D4042EC38DC300A3C5F3 /* PBXContainerItemProxy */;
		};
		7063D40C2EC38DC300A3C5F3 /* PBXTargetDependency */ = {
			isa = PBXTargetDependency;
			target = 7063D3EC2EC38DC100A3C5F3 /* ShoplyWatchApp Watch App */;
			targetProxy = 7063D40B2EC38DC300A3C5F3 /* PBXContainerItemProxy */;
		};
/* End PBXTargetDependency section */

/* Begin XCBuildConfiguration section */
		701505F12EB75DFC006919EB /* Debug */ = {
			isa = XCBuildConfiguration;
			buildSettings = {
				ASSETCATALOG_COMPILER_GLOBAL_ACCENT_COLOR_NAME = AccentColor;
				ASSETCATALOG_COMPILER_WIDGET_BACKGROUND_COLOR_NAME = WidgetBackground;
				CODE_SIGN_ALLOW_ENTITLEMENTS_MODIFICATION = YES;
				CODE_SIGN_ENTITLEMENTS = ShoplyWidgetExtension/ShoplyWidgetExtension.entitlements;
				CODE_SIGN_STYLE = Automatic;
				CURRENT_PROJECT_VERSION = 1;
				DEVELOPMENT_TEAM = 72ZJDNJNQ6;
				GENERATE_INFOPLIST_FILE = YES;
				INFOPLIST_FILE = ShoplyWidgetExtension/Info.plist;
				INFOPLIST_KEY_CFBundleDisplayName = ShoplyWidgetExtension;
				INFOPLIST_KEY_NSHumanReadableCopyright = "";
				IPHONEOS_DEPLOYMENT_TARGET = 16.6;
				LD_RUNPATH_SEARCH_PATHS = (
					"$(inherited)",
					"@executable_path/Frameworks",
					"@executable_path/../../Frameworks",
				);
				MARKETING_VERSION = 1.0;
				PRODUCT_BUNDLE_IDENTIFIER = William.Shoply.ShoplyWidgetExtension;
				PRODUCT_NAME = "$(TARGET_NAME)";
				SDKROOT = iphoneos;
				SKIP_INSTALL = YES;
				STRING_CATALOG_GENERATE_SYMBOLS = YES;
				SUPPORTED_PLATFORMS = "iphoneos iphonesimulator";
				SUPPORTS_MACCATALYST = NO;
				SUPPORTS_MAC_DESIGNED_FOR_IPHONE_IPAD = NO;
				SUPPORTS_XR_DESIGNED_FOR_IPHONE_IPAD = NO;
				SWIFT_APPROACHABLE_CONCURRENCY = YES;
				SWIFT_EMIT_LOC_STRINGS = YES;
				SWIFT_UPCOMING_FEATURE_MEMBER_IMPORT_VISIBILITY = YES;
				SWIFT_VERSION = 5.0;
				TARGETED_DEVICE_FAMILY = "1,2";
			};
			name = Debug;
		};
		701505F22EB75DFC006919EB /* Release */ = {
			isa = XCBuildConfiguration;
			buildSettings = {
				ASSETCATALOG_COMPILER_GLOBAL_ACCENT_COLOR_NAME = AccentColor;
				ASSETCATALOG_COMPILER_WIDGET_BACKGROUND_COLOR_NAME = WidgetBackground;
				CODE_SIGN_ALLOW_ENTITLEMENTS_MODIFICATION = YES;
				CODE_SIGN_ENTITLEMENTS = ShoplyWidgetExtension/ShoplyWidgetExtension.entitlements;
				CODE_SIGN_STYLE = Automatic;
				CURRENT_PROJECT_VERSION = 1;
				DEVELOPMENT_TEAM = 72ZJDNJNQ6;
				GENERATE_INFOPLIST_FILE = YES;
				INFOPLIST_FILE = ShoplyWidgetExtension/Info.plist;
				INFOPLIST_KEY_CFBundleDisplayName = ShoplyWidgetExtension;
				INFOPLIST_KEY_NSHumanReadableCopyright = "";
				IPHONEOS_DEPLOYMENT_TARGET = 16.6;
				LD_RUNPATH_SEARCH_PATHS = (
					"$(inherited)",
					"@executable_path/Frameworks",
					"@executable_path/../../Frameworks",
				);
				MARKETING_VERSION = 1.0;
				PRODUCT_BUNDLE_IDENTIFIER = William.Shoply.ShoplyWidgetExtension;
				PRODUCT_NAME = "$(TARGET_NAME)";
				SDKROOT = iphoneos;
				SKIP_INSTALL = YES;
				STRING_CATALOG_GENERATE_SYMBOLS = YES;
				SUPPORTED_PLATFORMS = "iphoneos iphonesimulator";
				SUPPORTS_MACCATALYST = NO;
				SUPPORTS_MAC_DESIGNED_FOR_IPHONE_IPAD = NO;
				SUPPORTS_XR_DESIGNED_FOR_IPHONE_IPAD = NO;
				SWIFT_APPROACHABLE_CONCURRENCY = YES;
				SWIFT_EMIT_LOC_STRINGS = YES;
				SWIFT_UPCOMING_FEATURE_MEMBER_IMPORT_VISIBILITY = YES;
				SWIFT_VERSION = 5.0;
				TARGETED_DEVICE_FAMILY = "1,2";
				VALIDATE_PRODUCT = YES;
			};
			name = Release;
		};
		704CA0552EB666300038DF51 /* Debug */ = {
			isa = XCBuildConfiguration;
			buildSettings = {
				ALWAYS_SEARCH_USER_PATHS = NO;
				ASSETCATALOG_COMPILER_GENERATE_SWIFT_ASSET_SYMBOL_EXTENSIONS = YES;
				CLANG_ANALYZER_NONNULL = YES;
				CLANG_ANALYZER_NUMBER_OBJECT_CONVERSION = YES_AGGRESSIVE;
				CLANG_CXX_LANGUAGE_STANDARD = "gnu++20";
				CLANG_ENABLE_MODULES = YES;
				CLANG_ENABLE_OBJC_ARC = YES;
				CLANG_ENABLE_OBJC_WEAK = YES;
				CLANG_WARN_BLOCK_CAPTURE_AUTORELEASING = YES;
				CLANG_WARN_BOOL_CONVERSION = YES;
				CLANG_WARN_COMMA = YES;
				CLANG_WARN_CONSTANT_CONVERSION = YES;
				CLANG_WARN_DEPRECATED_OBJC_IMPLEMENTATIONS = YES;
				CLANG_WARN_DIRECT_OBJC_ISA_USAGE = YES_ERROR;
				CLANG_WARN_DOCUMENTATION_COMMENTS = YES;
				CLANG_WARN_EMPTY_BODY = YES;
				CLANG_WARN_ENUM_CONVERSION = YES;
				CLANG_WARN_INFINITE_RECURSION = YES;
				CLANG_WARN_INT_CONVERSION = YES;
				CLANG_WARN_NON_LITERAL_NULL_CONVERSION = YES;
				CLANG_WARN_OBJC_IMPLICIT_RETAIN_SELF = YES;
				CLANG_WARN_OBJC_LITERAL_CONVERSION = YES;
				CLANG_WARN_OBJC_ROOT_CLASS = YES_ERROR;
				CLANG_WARN_QUOTED_INCLUDE_IN_FRAMEWORK_HEADER = YES;
				CLANG_WARN_RANGE_LOOP_ANALYSIS = YES;
				CLANG_WARN_STRICT_PROTOTYPES = YES;
				CLANG_WARN_SUSPICIOUS_MOVE = YES;
				CLANG_WARN_UNGUARDED_AVAILABILITY = YES_AGGRESSIVE;
				CLANG_WARN_UNREACHABLE_CODE = YES;
				CLANG_WARN__DUPLICATE_METHOD_MATCH = YES;
				COPY_PHASE_STRIP = NO;
				DEBUG_INFORMATION_FORMAT = dwarf;
				DEVELOPMENT_TEAM = 72ZJDNJNQ6;
				ENABLE_STRICT_OBJC_MSGSEND = YES;
				ENABLE_TESTABILITY = YES;
				ENABLE_USER_SCRIPT_SANDBOXING = YES;
				GCC_C_LANGUAGE_STANDARD = gnu17;
				GCC_DYNAMIC_NO_PIC = NO;
				GCC_NO_COMMON_BLOCKS = YES;
				GCC_OPTIMIZATION_LEVEL = 0;
				GCC_PREPROCESSOR_DEFINITIONS = (
					"DEBUG=1",
					"$(inherited)",
				);
				GCC_WARN_64_TO_32_BIT_CONVERSION = YES;
				GCC_WARN_ABOUT_RETURN_TYPE = YES_ERROR;
				GCC_WARN_UNDECLARED_SELECTOR = YES;
				GCC_WARN_UNINITIALIZED_AUTOS = YES_AGGRESSIVE;
				GCC_WARN_UNUSED_FUNCTION = YES;
				GCC_WARN_UNUSED_VARIABLE = YES;
				LOCALIZATION_PREFERS_STRING_CATALOGS = YES;
				MTL_ENABLE_DEBUG_INFO = INCLUDE_SOURCE;
				MTL_FAST_MATH = YES;
				ONLY_ACTIVE_ARCH = YES;
				SWIFT_ACTIVE_COMPILATION_CONDITIONS = "DEBUG $(inherited)";
				SWIFT_OPTIMIZATION_LEVEL = "-Onone";
			};
			name = Debug;
		};
		704CA0562EB666300038DF51 /* Release */ = {
			isa = XCBuildConfiguration;
			buildSettings = {
				ALWAYS_SEARCH_USER_PATHS = NO;
				ASSETCATALOG_COMPILER_GENERATE_SWIFT_ASSET_SYMBOL_EXTENSIONS = YES;
				CLANG_ANALYZER_NONNULL = YES;
				CLANG_ANALYZER_NUMBER_OBJECT_CONVERSION = YES_AGGRESSIVE;
				CLANG_CXX_LANGUAGE_STANDARD = "gnu++20";
				CLANG_ENABLE_MODULES = YES;
				CLANG_ENABLE_OBJC_ARC = YES;
				CLANG_ENABLE_OBJC_WEAK = YES;
				CLANG_WARN_BLOCK_CAPTURE_AUTORELEASING = YES;
				CLANG_WARN_BOOL_CONVERSION = YES;
				CLANG_WARN_COMMA = YES;
				CLANG_WARN_CONSTANT_CONVERSION = YES;
				CLANG_WARN_DEPRECATED_OBJC_IMPLEMENTATIONS = YES;
				CLANG_WARN_DIRECT_OBJC_ISA_USAGE = YES_ERROR;
				CLANG_WARN_DOCUMENTATION_COMMENTS = YES;
				CLANG_WARN_EMPTY_BODY = YES;
				CLANG_WARN_ENUM_CONVERSION = YES;
				CLANG_WARN_INFINITE_RECURSION = YES;
				CLANG_WARN_INT_CONVERSION = YES;
				CLANG_WARN_NON_LITERAL_NULL_CONVERSION = YES;
				CLANG_WARN_OBJC_IMPLICIT_RETAIN_SELF = YES;
				CLANG_WARN_OBJC_LITERAL_CONVERSION = YES;
				CLANG_WARN_OBJC_ROOT_CLASS = YES_ERROR;
				CLANG_WARN_QUOTED_INCLUDE_IN_FRAMEWORK_HEADER = YES;
				CLANG_WARN_RANGE_LOOP_ANALYSIS = YES;
				CLANG_WARN_STRICT_PROTOTYPES = YES;
				CLANG_WARN_SUSPICIOUS_MOVE = YES;
				CLANG_WARN_UNGUARDED_AVAILABILITY = YES_AGGRESSIVE;
				CLANG_WARN_UNREACHABLE_CODE = YES;
				CLANG_WARN__DUPLICATE_METHOD_MATCH = YES;
				COPY_PHASE_STRIP = NO;
				DEBUG_INFORMATION_FORMAT = "dwarf-with-dsym";
				DEVELOPMENT_TEAM = 72ZJDNJNQ6;
				ENABLE_NS_ASSERTIONS = NO;
				ENABLE_STRICT_OBJC_MSGSEND = YES;
				ENABLE_USER_SCRIPT_SANDBOXING = YES;
				GCC_C_LANGUAGE_STANDARD = gnu17;
				GCC_NO_COMMON_BLOCKS = YES;
				GCC_WARN_64_TO_32_BIT_CONVERSION = YES;
				GCC_WARN_ABOUT_RETURN_TYPE = YES_ERROR;
				GCC_WARN_UNDECLARED_SELECTOR = YES;
				GCC_WARN_UNINITIALIZED_AUTOS = YES_AGGRESSIVE;
				GCC_WARN_UNUSED_FUNCTION = YES;
				GCC_WARN_UNUSED_VARIABLE = YES;
				LOCALIZATION_PREFERS_STRING_CATALOGS = YES;
				MTL_ENABLE_DEBUG_INFO = NO;
				MTL_FAST_MATH = YES;
				SWIFT_COMPILATION_MODE = wholemodule;
			};
			name = Release;
		};
		704CA0582EB666300038DF51 /* Debug */ = {
			isa = XCBuildConfiguration;
			buildSettings = {
				ASSETCATALOG_COMPILER_APPICON_NAME = AppIcon;
				ASSETCATALOG_COMPILER_GLOBAL_ACCENT_COLOR_NAME = AccentColor;
				ASSETCATALOG_COMPILER_INCLUDE_ALL_APPICON_ASSETS = NO;
				CODE_SIGN_ENTITLEMENTS = Shoply/Shoply.entitlements;
				CODE_SIGN_IDENTITY = "Apple Development";
				"CODE_SIGN_IDENTITY[sdk=iphoneos*]" = "Apple Development";
				CODE_SIGN_STYLE = Automatic;
				CURRENT_PROJECT_VERSION = 1;
				DEVELOPMENT_TEAM = 72ZJDNJNQ6;
				ENABLE_APP_SANDBOX = YES;
				ENABLE_HARDENED_RUNTIME = YES;
				ENABLE_PREVIEWS = YES;
				ENABLE_USER_SELECTED_FILES = readonly;
				GENERATE_INFOPLIST_FILE = YES;
				INFOPLIST_KEY_LSApplicationCategoryType = "public.app-category.lifestyle";
				INFOPLIST_KEY_NSCameraUsageDescription = "Shoply nécessite l'accès à la caméra pour prendre des photos de vos vêtements et créer votre garde-robe personnalisée, ainsi que pour photographier vos aliments et générer des recettes personnalisées.";
				INFOPLIST_KEY_NSLocationWhenInUseUsageDescription = "Shoply utilise votre position pour récupérer automatiquement la météo locale et vous suggérer les meilleurs outfits pour la journée.";
				INFOPLIST_KEY_NSPhotoLibraryAddUsageDescription = "Shoply nécessite l'autorisation pour sauvegarder les photos de vos vêtements dans votre bibliothèque.";
				INFOPLIST_KEY_NSPhotoLibraryUsageDescription = "Shoply nécessite l'accès à votre bibliothèque de photos pour sélectionner des images de vos vêtements depuis votre galerie.";
				INFOPLIST_KEY_UIAppFonts = "Fonts/PlayfairDisplay-Regular.ttf Fonts/PlayfairDisplay-Bold.ttf";
				"INFOPLIST_KEY_UIApplicationSceneManifest_Generation[sdk=iphoneos*]" = YES;
				"INFOPLIST_KEY_UIApplicationSceneManifest_Generation[sdk=iphonesimulator*]" = YES;
				"INFOPLIST_KEY_UIApplicationSupportsIndirectInputEvents[sdk=iphoneos*]" = YES;
				"INFOPLIST_KEY_UIApplicationSupportsIndirectInputEvents[sdk=iphonesimulator*]" = YES;
				"INFOPLIST_KEY_UILaunchScreen_Generation[sdk=iphoneos*]" = YES;
				"INFOPLIST_KEY_UILaunchScreen_Generation[sdk=iphonesimulator*]" = YES;
				"INFOPLIST_KEY_UIStatusBarStyle[sdk=iphoneos*]" = UIStatusBarStyleDefault;
				"INFOPLIST_KEY_UIStatusBarStyle[sdk=iphonesimulator*]" = UIStatusBarStyleDefault;
				INFOPLIST_KEY_UISupportedInterfaceOrientations_iPad = "UIInterfaceOrientationPortrait UIInterfaceOrientationPortraitUpsideDown UIInterfaceOrientationLandscapeLeft UIInterfaceOrientationLandscapeRight";
				INFOPLIST_KEY_UISupportedInterfaceOrientations_iPhone = UIInterfaceOrientationPortrait;
				IPHONEOS_DEPLOYMENT_TARGET = 16.6;
				LD_RUNPATH_SEARCH_PATHS = "@executable_path/Frameworks";
				"LD_RUNPATH_SEARCH_PATHS[sdk=macosx*]" = "@executable_path/../Frameworks";
				MACOSX_DEPLOYMENT_TARGET = 26.0;
				MARKETING_VERSION = 1.0;
				PRODUCT_BUNDLE_IDENTIFIER = William.Shoply;
				PRODUCT_NAME = "$(TARGET_NAME)";
				REGISTER_APP_GROUPS = YES;
				SDKROOT = auto;
				STRING_CATALOG_GENERATE_SYMBOLS = YES;
				SUPPORTED_PLATFORMS = "iphoneos iphonesimulator";
				SUPPORTS_MACCATALYST = NO;
				SWIFT_APPROACHABLE_CONCURRENCY = YES;
				SWIFT_DEFAULT_ACTOR_ISOLATION = MainActor;
				SWIFT_EMIT_LOC_STRINGS = YES;
				SWIFT_UPCOMING_FEATURE_MEMBER_IMPORT_VISIBILITY = YES;
				SWIFT_VERSION = 5.0;
				TARGETED_DEVICE_FAMILY = "1,2";
				XROS_DEPLOYMENT_TARGET = 26.0;
			};
			name = Debug;
		};
		704CA0592EB666300038DF51 /* Release */ = {
			isa = XCBuildConfiguration;
			buildSettings = {
				ASSETCATALOG_COMPILER_APPICON_NAME = AppIcon;
				ASSETCATALOG_COMPILER_GLOBAL_ACCENT_COLOR_NAME = AccentColor;
				ASSETCATALOG_COMPILER_INCLUDE_ALL_APPICON_ASSETS = NO;
				CODE_SIGN_ENTITLEMENTS = Shoply/Shoply.entitlements;
				CODE_SIGN_IDENTITY = "Apple Development";
				"CODE_SIGN_IDENTITY[sdk=iphoneos*]" = "Apple Development";
				CODE_SIGN_STYLE = Automatic;
				CURRENT_PROJECT_VERSION = 1;
				DEVELOPMENT_TEAM = 72ZJDNJNQ6;
				ENABLE_APP_SANDBOX = YES;
				ENABLE_HARDENED_RUNTIME = YES;
				ENABLE_PREVIEWS = YES;
				ENABLE_USER_SELECTED_FILES = readonly;
				GENERATE_INFOPLIST_FILE = YES;
				INFOPLIST_KEY_LSApplicationCategoryType = "public.app-category.lifestyle";
				INFOPLIST_KEY_NSCameraUsageDescription = "Shoply nécessite l'accès à la caméra pour prendre des photos de vos vêtements et créer votre garde-robe personnalisée, ainsi que pour photographier vos aliments et générer des recettes personnalisées.";
				INFOPLIST_KEY_NSLocationWhenInUseUsageDescription = "Shoply utilise votre position pour récupérer automatiquement la météo locale et vous suggérer les meilleurs outfits pour la journée.";
				INFOPLIST_KEY_NSPhotoLibraryAddUsageDescription = "Shoply nécessite l'autorisation pour sauvegarder les photos de vos vêtements dans votre bibliothèque.";
				INFOPLIST_KEY_NSPhotoLibraryUsageDescription = "Shoply nécessite l'accès à votre bibliothèque de photos pour sélectionner des images de vos vêtements depuis votre galerie.";
				INFOPLIST_KEY_UIAppFonts = "Fonts/PlayfairDisplay-Regular.ttf Fonts/PlayfairDisplay-Bold.ttf";
				"INFOPLIST_KEY_UIApplicationSceneManifest_Generation[sdk=iphoneos*]" = YES;
				"INFOPLIST_KEY_UIApplicationSceneManifest_Generation[sdk=iphonesimulator*]" = YES;
				"INFOPLIST_KEY_UIApplicationSupportsIndirectInputEvents[sdk=iphoneos*]" = YES;
				"INFOPLIST_KEY_UIApplicationSupportsIndirectInputEvents[sdk=iphonesimulator*]" = YES;
				"INFOPLIST_KEY_UILaunchScreen_Generation[sdk=iphoneos*]" = YES;
				"INFOPLIST_KEY_UILaunchScreen_Generation[sdk=iphonesimulator*]" = YES;
				"INFOPLIST_KEY_UIStatusBarStyle[sdk=iphoneos*]" = UIStatusBarStyleDefault;
				"INFOPLIST_KEY_UIStatusBarStyle[sdk=iphonesimulator*]" = UIStatusBarStyleDefault;
				INFOPLIST_KEY_UISupportedInterfaceOrientations_iPad = "UIInterfaceOrientationPortrait UIInterfaceOrientationPortraitUpsideDown UIInterfaceOrientationLandscapeLeft UIInterfaceOrientationLandscapeRight";
				INFOPLIST_KEY_UISupportedInterfaceOrientations_iPhone = UIInterfaceOrientationPortrait;
				IPHONEOS_DEPLOYMENT_TARGET = 16.6;
				LD_RUNPATH_SEARCH_PATHS = "@executable_path/Frameworks";
				"LD_RUNPATH_SEARCH_PATHS[sdk=macosx*]" = "@executable_path/../Frameworks";
				MACOSX_DEPLOYMENT_TARGET = 26.0;
				MARKETING_VERSION = 1.0;
				PRODUCT_BUNDLE_IDENTIFIER = William.Shoply;
				PRODUCT_NAME = "$(TARGET_NAME)";
				REGISTER_APP_GROUPS = YES;
				SDKROOT = auto;
				STRING_CATALOG_GENERATE_SYMBOLS = YES;
				SUPPORTED_PLATFORMS = "iphoneos iphonesimulator";
				SUPPORTS_MACCATALYST = NO;
				SWIFT_APPROACHABLE_CONCURRENCY = YES;
				SWIFT_DEFAULT_ACTOR_ISOLATION = MainActor;
				SWIFT_EMIT_LOC_STRINGS = YES;
				SWIFT_UPCOMING_FEATURE_MEMBER_IMPORT_VISIBILITY = YES;
				SWIFT_VERSION = 5.0;
				TARGETED_DEVICE_FAMILY = "1,2";
				XROS_DEPLOYMENT_TARGET = 26.0;
			};
			name = Release;
		};
		704CA05B2EB666300038DF51 /* Debug */ = {
			isa = XCBuildConfiguration;
			buildSettings = {
				BUNDLE_LOADER = "$(TEST_HOST)";
				CODE_SIGN_STYLE = Automatic;
				CURRENT_PROJECT_VERSION = 1;
				DEVELOPMENT_TEAM = 72ZJDNJNQ6;
				GENERATE_INFOPLIST_FILE = YES;
				IPHONEOS_DEPLOYMENT_TARGET = 16.6;
				MACOSX_DEPLOYMENT_TARGET = 26.0;
				MARKETING_VERSION = 1.0;
				PRODUCT_BUNDLE_IDENTIFIER = William.ShoplyTests;
				PRODUCT_NAME = "$(TARGET_NAME)";
				SDKROOT = auto;
				STRING_CATALOG_GENERATE_SYMBOLS = NO;
				SUPPORTED_PLATFORMS = "iphoneos iphonesimulator";
				SUPPORTS_MACCATALYST = NO;
				SWIFT_APPROACHABLE_CONCURRENCY = YES;
				SWIFT_EMIT_LOC_STRINGS = NO;
				SWIFT_UPCOMING_FEATURE_MEMBER_IMPORT_VISIBILITY = YES;
				SWIFT_VERSION = 5.0;
				TARGETED_DEVICE_FAMILY = "1,2";
				TEST_HOST = "$(BUILT_PRODUCTS_DIR)/Shoply.app/$(BUNDLE_EXECUTABLE_FOLDER_PATH)/Shoply";
				XROS_DEPLOYMENT_TARGET = 26.0;
			};
			name = Debug;
		};
		704CA05C2EB666300038DF51 /* Release */ = {
			isa = XCBuildConfiguration;
			buildSettings = {
				BUNDLE_LOADER = "$(TEST_HOST)";
				CODE_SIGN_STYLE = Automatic;
				CURRENT_PROJECT_VERSION = 1;
				DEVELOPMENT_TEAM = 72ZJDNJNQ6;
				GENERATE_INFOPLIST_FILE = YES;
				IPHONEOS_DEPLOYMENT_TARGET = 16.6;
				MACOSX_DEPLOYMENT_TARGET = 26.0;
				MARKETING_VERSION = 1.0;
				PRODUCT_BUNDLE_IDENTIFIER = William.ShoplyTests;
				PRODUCT_NAME = "$(TARGET_NAME)";
				SDKROOT = auto;
				STRING_CATALOG_GENERATE_SYMBOLS = NO;
				SUPPORTED_PLATFORMS = "iphoneos iphonesimulator";
				SUPPORTS_MACCATALYST = NO;
				SWIFT_APPROACHABLE_CONCURRENCY = YES;
				SWIFT_EMIT_LOC_STRINGS = NO;
				SWIFT_UPCOMING_FEATURE_MEMBER_IMPORT_VISIBILITY = YES;
				SWIFT_VERSION = 5.0;
				TARGETED_DEVICE_FAMILY = "1,2";
				TEST_HOST = "$(BUILT_PRODUCTS_DIR)/Shoply.app/$(BUNDLE_EXECUTABLE_FOLDER_PATH)/Shoply";
				XROS_DEPLOYMENT_TARGET = 26.0;
			};
			name = Release;
		};
		704CA05E2EB666300038DF51 /* Debug */ = {
			isa = XCBuildConfiguration;
			buildSettings = {
				CODE_SIGN_STYLE = Automatic;
				CURRENT_PROJECT_VERSION = 1;
				DEVELOPMENT_TEAM = 72ZJDNJNQ6;
				GENERATE_INFOPLIST_FILE = YES;
				IPHONEOS_DEPLOYMENT_TARGET = 16.6;
				MACOSX_DEPLOYMENT_TARGET = 26.0;
				MARKETING_VERSION = 1.0;
				PRODUCT_BUNDLE_IDENTIFIER = William.ShoplyUITests;
				PRODUCT_NAME = "$(TARGET_NAME)";
				SDKROOT = auto;
				STRING_CATALOG_GENERATE_SYMBOLS = NO;
				SUPPORTED_PLATFORMS = "iphoneos iphonesimulator";
				SUPPORTS_MACCATALYST = NO;
				SWIFT_APPROACHABLE_CONCURRENCY = YES;
				SWIFT_EMIT_LOC_STRINGS = NO;
				SWIFT_UPCOMING_FEATURE_MEMBER_IMPORT_VISIBILITY = YES;
				SWIFT_VERSION = 5.0;
				TARGETED_DEVICE_FAMILY = "1,2";
				TEST_TARGET_NAME = Shoply;
				XROS_DEPLOYMENT_TARGET = 26.0;
			};
			name = Debug;
		};
		704CA05F2EB666300038DF51 /* Release */ = {
			isa = XCBuildConfiguration;
			buildSettings = {
				CODE_SIGN_STYLE = Automatic;
				CURRENT_PROJECT_VERSION = 1;
				DEVELOPMENT_TEAM = 72ZJDNJNQ6;
				GENERATE_INFOPLIST_FILE = YES;
				IPHONEOS_DEPLOYMENT_TARGET = 16.6;
				MACOSX_DEPLOYMENT_TARGET = 26.0;
				MARKETING_VERSION = 1.0;
				PRODUCT_BUNDLE_IDENTIFIER = William.ShoplyUITests;
				PRODUCT_NAME = "$(TARGET_NAME)";
				SDKROOT = auto;
				STRING_CATALOG_GENERATE_SYMBOLS = NO;
				SUPPORTED_PLATFORMS = "iphoneos iphonesimulator";
				SUPPORTS_MACCATALYST = NO;
				SWIFT_APPROACHABLE_CONCURRENCY = YES;
				SWIFT_EMIT_LOC_STRINGS = NO;
				SWIFT_UPCOMING_FEATURE_MEMBER_IMPORT_VISIBILITY = YES;
				SWIFT_VERSION = 5.0;
				TARGETED_DEVICE_FAMILY = "1,2";
				TEST_TARGET_NAME = Shoply;
				XROS_DEPLOYMENT_TARGET = 26.0;
			};
			name = Release;
		};
		7063D40F2EC38DC300A3C5F3 /* Debug */ = {
			isa = XCBuildConfiguration;
			buildSettings = {
				ASSETCATALOG_COMPILER_APPICON_NAME = AppIcon;
				ASSETCATALOG_COMPILER_GLOBAL_ACCENT_COLOR_NAME = AccentColor;
				ASSETCATALOG_COMPILER_INCLUDE_ALL_APPICON_ASSETS = NO;
				CODE_SIGN_IDENTITY = "Apple Development";
				"CODE_SIGN_IDENTITY[sdk=iphoneos*]" = "Apple Development";
				CODE_SIGN_STYLE = Automatic;
				CURRENT_PROJECT_VERSION = 1;
				DEVELOPMENT_TEAM = 72ZJDNJNQ6;
				ENABLE_PREVIEWS = YES;
				GENERATE_INFOPLIST_FILE = YES;
				INFOPLIST_KEY_CFBundleDisplayName = ShoplyWatchApp;
				INFOPLIST_KEY_UISupportedInterfaceOrientations = "UIInterfaceOrientationPortrait UIInterfaceOrientationPortraitUpsideDown";
				INFOPLIST_KEY_WKCompanionAppBundleIdentifier = William.Shoply;
				LD_RUNPATH_SEARCH_PATHS = (
					"$(inherited)",
					"@executable_path/Frameworks",
				);
				MARKETING_VERSION = 1.0;
				PRODUCT_BUNDLE_IDENTIFIER = William.Shoply.watchkitapp;
				PRODUCT_NAME = "$(TARGET_NAME)";
				SDKROOT = watchos;
				SKIP_INSTALL = YES;
				STRING_CATALOG_GENERATE_SYMBOLS = YES;
				SWIFT_APPROACHABLE_CONCURRENCY = YES;
				SWIFT_DEFAULT_ACTOR_ISOLATION = MainActor;
				SWIFT_EMIT_LOC_STRINGS = YES;
				SWIFT_UPCOMING_FEATURE_MEMBER_IMPORT_VISIBILITY = YES;
				SWIFT_VERSION = 5.0;
				TARGETED_DEVICE_FAMILY = 4;
				WATCHOS_DEPLOYMENT_TARGET = 10.6;
			};
			name = Debug;
		};
		7063D4102EC38DC300A3C5F3 /* Release */ = {
			isa = XCBuildConfiguration;
			buildSettings = {
				ASSETCATALOG_COMPILER_APPICON_NAME = AppIcon;
				ASSETCATALOG_COMPILER_GLOBAL_ACCENT_COLOR_NAME = AccentColor;
				ASSETCATALOG_COMPILER_INCLUDE_ALL_APPICON_ASSETS = NO;
				CODE_SIGN_IDENTITY = "Apple Development";
				"CODE_SIGN_IDENTITY[sdk=iphoneos*]" = "Apple Development";
				CODE_SIGN_STYLE = Automatic;
				CURRENT_PROJECT_VERSION = 1;
				DEVELOPMENT_TEAM = 72ZJDNJNQ6;
				ENABLE_PREVIEWS = YES;
				GENERATE_INFOPLIST_FILE = YES;
				INFOPLIST_KEY_CFBundleDisplayName = ShoplyWatchApp;
				INFOPLIST_KEY_UISupportedInterfaceOrientations = "UIInterfaceOrientationPortrait UIInterfaceOrientationPortraitUpsideDown";
				INFOPLIST_KEY_WKCompanionAppBundleIdentifier = William.Shoply;
				LD_RUNPATH_SEARCH_PATHS = (
					"$(inherited)",
					"@executable_path/Frameworks",
				);
				MARKETING_VERSION = 1.0;
				PRODUCT_BUNDLE_IDENTIFIER = William.Shoply.watchkitapp;
				PRODUCT_NAME = "$(TARGET_NAME)";
				SDKROOT = watchos;
				SKIP_INSTALL = YES;
				STRING_CATALOG_GENERATE_SYMBOLS = YES;
				SWIFT_APPROACHABLE_CONCURRENCY = YES;
				SWIFT_DEFAULT_ACTOR_ISOLATION = MainActor;
				SWIFT_EMIT_LOC_STRINGS = YES;
				SWIFT_UPCOMING_FEATURE_MEMBER_IMPORT_VISIBILITY = YES;
				SWIFT_VERSION = 5.0;
				TARGETED_DEVICE_FAMILY = 4;
				VALIDATE_PRODUCT = YES;
				WATCHOS_DEPLOYMENT_TARGET = 10.6;
			};
			name = Release;
		};
		7063D4112EC38DC300A3C5F3 /* Debug */ = {
			isa = XCBuildConfiguration;
			buildSettings = {
				BUNDLE_LOADER = "$(TEST_HOST)";
				CODE_SIGN_STYLE = Automatic;
				CURRENT_PROJECT_VERSION = 1;
				DEVELOPMENT_TEAM = 72ZJDNJNQ6;
				GENERATE_INFOPLIST_FILE = YES;
				MARKETING_VERSION = 1.0;
				PRODUCT_BUNDLE_IDENTIFIER = "William.ShoplyWatchApp-Watch-AppTests";
				PRODUCT_NAME = "$(TARGET_NAME)";
				SDKROOT = watchos;
				STRING_CATALOG_GENERATE_SYMBOLS = NO;
				SWIFT_APPROACHABLE_CONCURRENCY = YES;
				SWIFT_EMIT_LOC_STRINGS = NO;
				SWIFT_UPCOMING_FEATURE_MEMBER_IMPORT_VISIBILITY = YES;
				SWIFT_VERSION = 5.0;
				TARGETED_DEVICE_FAMILY = 4;
				TEST_HOST = "$(BUILT_PRODUCTS_DIR)/ShoplyWatchApp Watch App.app/$(BUNDLE_EXECUTABLE_FOLDER_PATH)/ShoplyWatchApp Watch App";
				WATCHOS_DEPLOYMENT_TARGET = 10.6;
			};
			name = Debug;
		};
		7063D4122EC38DC300A3C5F3 /* Release */ = {
			isa = XCBuildConfiguration;
			buildSettings = {
				BUNDLE_LOADER = "$(TEST_HOST)";
				CODE_SIGN_STYLE = Automatic;
				CURRENT_PROJECT_VERSION = 1;
				DEVELOPMENT_TEAM = 72ZJDNJNQ6;
				GENERATE_INFOPLIST_FILE = YES;
				MARKETING_VERSION = 1.0;
				PRODUCT_BUNDLE_IDENTIFIER = "William.ShoplyWatchApp-Watch-AppTests";
				PRODUCT_NAME = "$(TARGET_NAME)";
				SDKROOT = watchos;
				STRING_CATALOG_GENERATE_SYMBOLS = NO;
				SWIFT_APPROACHABLE_CONCURRENCY = YES;
				SWIFT_EMIT_LOC_STRINGS = NO;
				SWIFT_UPCOMING_FEATURE_MEMBER_IMPORT_VISIBILITY = YES;
				SWIFT_VERSION = 5.0;
				TARGETED_DEVICE_FAMILY = 4;
				TEST_HOST = "$(BUILT_PRODUCTS_DIR)/ShoplyWatchApp Watch App.app/$(BUNDLE_EXECUTABLE_FOLDER_PATH)/ShoplyWatchApp Watch App";
				VALIDATE_PRODUCT = YES;
				WATCHOS_DEPLOYMENT_TARGET = 10.6;
			};
			name = Release;
		};
		7063D4132EC38DC300A3C5F3 /* Debug */ = {
			isa = XCBuildConfiguration;
			buildSettings = {
				CODE_SIGN_STYLE = Automatic;
				CURRENT_PROJECT_VERSION = 1;
				DEVELOPMENT_TEAM = 72ZJDNJNQ6;
				GENERATE_INFOPLIST_FILE = YES;
				MARKETING_VERSION = 1.0;
				PRODUCT_BUNDLE_IDENTIFIER = "William.ShoplyWatchApp-Watch-AppUITests";
				PRODUCT_NAME = "$(TARGET_NAME)";
				SDKROOT = watchos;
				STRING_CATALOG_GENERATE_SYMBOLS = NO;
				SWIFT_APPROACHABLE_CONCURRENCY = YES;
				SWIFT_EMIT_LOC_STRINGS = NO;
				SWIFT_UPCOMING_FEATURE_MEMBER_IMPORT_VISIBILITY = YES;
				SWIFT_VERSION = 5.0;
				SYSTEM_FRAMEWORK_SEARCH_PATHS = "$(PLATFORM_DIR)/Developer/Library/Frameworks";
				TARGETED_DEVICE_FAMILY = 4;
				TEST_TARGET_NAME = "ShoplyWatchApp Watch App";
				WATCHOS_DEPLOYMENT_TARGET = 10.6;
			};
			name = Debug;
		};
		7063D4142EC38DC300A3C5F3 /* Release */ = {
			isa = XCBuildConfiguration;
			buildSettings = {
				CODE_SIGN_STYLE = Automatic;
				CURRENT_PROJECT_VERSION = 1;
				DEVELOPMENT_TEAM = 72ZJDNJNQ6;
				GENERATE_INFOPLIST_FILE = YES;
				MARKETING_VERSION = 1.0;
				PRODUCT_BUNDLE_IDENTIFIER = "William.ShoplyWatchApp-Watch-AppUITests";
				PRODUCT_NAME = "$(TARGET_NAME)";
				SDKROOT = watchos;
				STRING_CATALOG_GENERATE_SYMBOLS = NO;
				SWIFT_APPROACHABLE_CONCURRENCY = YES;
				SWIFT_EMIT_LOC_STRINGS = NO;
				SWIFT_UPCOMING_FEATURE_MEMBER_IMPORT_VISIBILITY = YES;
				SWIFT_VERSION = 5.0;
				SYSTEM_FRAMEWORK_SEARCH_PATHS = "$(PLATFORM_DIR)/Developer/Library/Frameworks";
				TARGETED_DEVICE_FAMILY = 4;
				TEST_TARGET_NAME = "ShoplyWatchApp Watch App";
				VALIDATE_PRODUCT = YES;
				WATCHOS_DEPLOYMENT_TARGET = 10.6;
			};
			name = Release;
		};
/* End XCBuildConfiguration section */

/* Begin XCConfigurationList section */
		701505F02EB75DFC006919EB /* Build configuration list for PBXNativeTarget "ShoplyWidgetExtensionExtension" */ = {
			isa = XCConfigurationList;
			buildConfigurations = (
				701505F12EB75DFC006919EB /* Debug */,
				701505F22EB75DFC006919EB /* Release */,
			);
			defaultConfigurationIsVisible = 0;
			defaultConfigurationName = Release;
		};
		704CA0312EB6662F0038DF51 /* Build configuration list for PBXProject "Shoply" */ = {
			isa = XCConfigurationList;
			buildConfigurations = (
				704CA0552EB666300038DF51 /* Debug */,
				704CA0562EB666300038DF51 /* Release */,
			);
			defaultConfigurationIsVisible = 0;
			defaultConfigurationName = Release;
		};
		704CA0572EB666300038DF51 /* Build configuration list for PBXNativeTarget "Shoply" */ = {
			isa = XCConfigurationList;
			buildConfigurations = (
				704CA0582EB666300038DF51 /* Debug */,
				704CA0592EB666300038DF51 /* Release */,
			);
			defaultConfigurationIsVisible = 0;
			defaultConfigurationName = Release;
		};
		704CA05A2EB666300038DF51 /* Build configuration list for PBXNativeTarget "ShoplyTests" */ = {
			isa = XCConfigurationList;
			buildConfigurations = (
				704CA05B2EB666300038DF51 /* Debug */,
				704CA05C2EB666300038DF51 /* Release */,
			);
			defaultConfigurationIsVisible = 0;
			defaultConfigurationName = Release;
		};
		704CA05D2EB666300038DF51 /* Build configuration list for PBXNativeTarget "ShoplyUITests" */ = {
			isa = XCConfigurationList;
			buildConfigurations = (
				704CA05E2EB666300038DF51 /* Debug */,
				704CA05F2EB666300038DF51 /* Release */,
			);
			defaultConfigurationIsVisible = 0;
			defaultConfigurationName = Release;
		};
		7063D4152EC38DC300A3C5F3 /* Build configuration list for PBXNativeTarget "ShoplyWatchApp Watch App" */ = {
			isa = XCConfigurationList;
			buildConfigurations = (
				7063D40F2EC38DC300A3C5F3 /* Debug */,
				7063D4102EC38DC300A3C5F3 /* Release */,
			);
			defaultConfigurationIsVisible = 0;
			defaultConfigurationName = Release;
		};
		7063D4162EC38DC300A3C5F3 /* Build configuration list for PBXNativeTarget "ShoplyWatchApp Watch AppTests" */ = {
			isa = XCConfigurationList;
			buildConfigurations = (
				7063D4112EC38DC300A3C5F3 /* Debug */,
				7063D4122EC38DC300A3C5F3 /* Release */,
			);
			defaultConfigurationIsVisible = 0;
			defaultConfigurationName = Release;
		};
		7063D4172EC38DC300A3C5F3 /* Build configuration list for PBXNativeTarget "ShoplyWatchApp Watch AppUITests" */ = {
			isa = XCConfigurationList;
			buildConfigurations = (
				7063D4132EC38DC300A3C5F3 /* Debug */,
				7063D4142EC38DC300A3C5F3 /* Release */,
			);
			defaultConfigurationIsVisible = 0;
			defaultConfigurationName = Release;
		};
/* End XCConfigurationList section */
	};
	rootObject = 704CA02E2EB6662F0038DF51 /* Project object */;
}
