<?xml version="1.0" encoding="UTF-8"?>
<Scheme
   LastUpgradeVersion = "2610"
   version = "1.7">
   <BuildAction
      parallelizeBuildables = "YES"
      buildImplicitDependencies = "YES"
      buildArchitectures = "Automatic">
      <BuildActionEntries>
         <BuildActionEntry
            buildForTesting = "YES"
            buildForRunning = "YES"
            buildForProfiling = "YES"
            buildForArchiving = "YES"
            buildForAnalyzing = "YES">
            <BuildableReference
               BuildableIdentifier = "primary"
               BlueprintIdentifier = "704CA0352EB6662F0038DF51"
               BuildableName = "Shoply.app"
               BlueprintName = "Shoply"
               ReferencedContainer = "container:Shoply.xcodeproj">
            </BuildableReference>
         </BuildActionEntry>
         <BuildActionEntry
            buildForTesting = "YES"
            buildForRunning = "YES"
            buildForProfiling = "YES"
            buildForArchiving = "YES"
            buildForAnalyzing = "YES">
            <BuildableReference
               BuildableIdentifier = "primary"
               BlueprintIdentifier = "7063D3EC2EC38DC100A3C5F3"
               BuildableName = "ShoplyWatchApp Watch App.app"
               BlueprintName = "ShoplyWatchApp Watch App"
               ReferencedContainer = "container:Shoply.xcodeproj">
            </BuildableReference>
         </BuildActionEntry>
      </BuildActionEntries>
   </BuildAction>
   <TestAction
      buildConfiguration = "Debug"
      selectedDebuggerIdentifier = "Xcode.DebuggerFoundation.Debugger.LLDB"
      selectedLauncherIdentifier = "Xcode.DebuggerFoundation.Launcher.LLDB"
      shouldUseLaunchSchemeArgsEnv = "YES"
      shouldAutocreateTestPlan = "YES">
   </TestAction>
   <LaunchAction
      buildConfiguration = "Debug"
      selectedDebuggerIdentifier = "Xcode.DebuggerFoundation.Debugger.LLDB"
      selectedLauncherIdentifier = "Xcode.DebuggerFoundation.Launcher.LLDB"
      launchStyle = "0"
      useCustomWorkingDirectory = "NO"
      ignoresPersistentStateOnLaunch = "NO"
      debugDocumentVersioning = "YES"
      debugServiceExtension = "internal"
      allowLocationSimulation = "YES">
      <BuildableProductRunnable
         runnableDebuggingMode = "0">
         <BuildableReference
            BuildableIdentifier = "primary"
            BlueprintIdentifier = "704CA0352EB6662F0038DF51"
            BuildableName = "Shoply.app"
            BlueprintName = "Shoply"
            ReferencedContainer = "container:Shoply.xcodeproj">
         </BuildableReference>
      </BuildableProductRunnable>
      <BuildableProductRunnable
         runnableDebuggingMode = "1">
         <BuildableReference
            BuildableIdentifier = "primary"
            BlueprintIdentifier = "7063D3EC2EC38DC100A3C5F3"
            BuildableName = "ShoplyWatchApp Watch App.app"
            BlueprintName = "ShoplyWatchApp Watch App"
            ReferencedContainer = "container:Shoply.xcodeproj">
         </BuildableReference>
      </BuildableProductRunnable>
   </LaunchAction>
   <ProfileAction
      buildConfiguration = "Release"
      shouldUseLaunchSchemeArgsEnv = "YES"
      savedToolIdentifier = ""
      useCustomWorkingDirectory = "NO"
      debugDocumentVersioning = "YES">
      <BuildableProductRunnable
         runnableDebuggingMode = "0">
         <BuildableReference
            BuildableIdentifier = "primary"
            BlueprintIdentifier = "704CA0352EB6662F0038DF51"
            BuildableName = "Shoply.app"
            BlueprintName = "Shoply"
            ReferencedContainer = "container:Shoply.xcodeproj">
         </BuildableReference>
      </BuildableProductRunnable>
      <BuildableProductRunnable
         runnableDebuggingMode = "0">
         <BuildableReference
            BuildableIdentifier = "primary"
            BlueprintIdentifier = "7063D3EC2EC38DC100A3C5F3"
            BuildableName = "ShoplyWatchApp Watch App.app"
            BlueprintName = "ShoplyWatchApp Watch App"
            ReferencedContainer = "container:Shoply.xcodeproj">
         </BuildableReference>
      </BuildableProductRunnable>
   </ProfileAction>
   <AnalyzeAction
      buildConfiguration = "Debug">
   </AnalyzeAction>
   <ArchiveAction
      buildConfiguration = "Release"
      revealArchiveInOrganizer = "YES">
   </ArchiveAction>
</Scheme>
